{
  "name": "crowdhouse",
  "version": "1.0.0",
  "lockfileVersion": 1,
  "requires": true,
  "dependencies": {
    "@material/animation": {
      "version": "0.39.0",
      "resolved": "https://registry.npmjs.org/@material/animation/-/animation-0.39.0.tgz",
      "integrity": "sha512-f3BGCba0GdYY+eGFnK0L08HLyljgEyBvMLoJoutP225IpvzsLLTqumL/796nFCsouWn6E3G+8BUVjAtzTjU2lA=="
    },
    "@material/base": {
      "version": "0.39.0",
      "resolved": "https://registry.npmjs.org/@material/base/-/base-0.39.0.tgz",
      "integrity": "sha512-B+vMqnOR2JU2dzv/5UPKQUAZAj739pMkJkt3Zy7sJaQnw3j8wTKxiUMUhd9ZHaPx1FBlUNMn2PwOq8YZIn0svA=="
    },
    "@material/button": {
      "version": "0.39.3",
      "resolved": "https://registry.npmjs.org/@material/button/-/button-0.39.3.tgz",
      "integrity": "sha512-O4QcglZ9kgixhHbUk+vLZYm5LKgImqd8VUeClBXL3sDrqNSQX047D17fLk6Fy3n3WKroZ1WkVbM9T9gQTBmaxA==",
      "requires": {
        "@material/elevation": "^0.39.1",
        "@material/ripple": "^0.39.3",
        "@material/rtl": "^0.39.1",
        "@material/theme": "^0.39.1",
        "@material/typography": "^0.39.0"
      },
      "dependencies": {
        "@material/ripple": {
          "version": "0.39.3",
          "resolved": "https://registry.npmjs.org/@material/ripple/-/ripple-0.39.3.tgz",
          "integrity": "sha512-MwQjgwK9h13MdKGJT3RTDf9NjCoAS3LmnFpz1fxXgExA1QnoUbB1o7cEaPmqAtZopKVDCf52w1l6Mpf9qEhnCQ==",
          "requires": {
            "@material/animation": "^0.39.0",
            "@material/base": "^0.39.0",
            "@material/theme": "^0.39.1"
          }
        },
        "@material/theme": {
          "version": "0.39.1",
          "resolved": "https://registry.npmjs.org/@material/theme/-/theme-0.39.1.tgz",
          "integrity": "sha512-c7xjzzHdF4kBl66VJfATBAV9cwD/6TOyVPOWiK5rPxmu9g7uEAe1HmupqJRR1pMFCPX2w85gfvIsxh79EU6YJA=="
        }
      }
    },
    "@material/elevation": {
      "version": "0.39.1",
      "resolved": "https://registry.npmjs.org/@material/elevation/-/elevation-0.39.1.tgz",
      "integrity": "sha512-ir0lqwpkXhJxUQ6KdCTsM2wZze3Oc54knUMbCUnitOWzIRBvlXUO0zlpld5pj3Mb6ApESA6BiaJb4JfEZmX2MA==",
      "requires": {
        "@material/animation": "^0.39.0",
        "@material/theme": "^0.39.1"
      },
      "dependencies": {
        "@material/theme": {
          "version": "0.39.1",
          "resolved": "https://registry.npmjs.org/@material/theme/-/theme-0.39.1.tgz",
          "integrity": "sha512-c7xjzzHdF4kBl66VJfATBAV9cwD/6TOyVPOWiK5rPxmu9g7uEAe1HmupqJRR1pMFCPX2w85gfvIsxh79EU6YJA=="
        }
      }
    },
    "@material/floating-label": {
      "version": "0.40.0",
      "resolved": "https://registry.npmjs.org/@material/floating-label/-/floating-label-0.40.0.tgz",
      "integrity": "sha512-p+jngOd3r5UOeKkYZrQfFzLvWkWRupRMYQgEoz7EWbhTHEWG5s2vcFVxPPC70HgInvS5O7g5DN7OvK/lZJcs3g==",
      "requires": {
        "@material/animation": "^0.39.0",
        "@material/base": "^0.39.0",
        "@material/rtl": "^0.39.1",
        "@material/theme": "^0.40.0",
        "@material/typography": "^0.39.0"
      }
    },
    "@material/line-ripple": {
      "version": "0.40.0",
      "resolved": "https://registry.npmjs.org/@material/line-ripple/-/line-ripple-0.40.0.tgz",
      "integrity": "sha512-tDeFiKqEhGzDAxLZoljLFBQs2mq2OJnD/Xno2IP/vCE6eoP98Wo0BvzorNUZESjepQGYarUPeZgZeFz9+hnsjQ==",
      "requires": {
        "@material/animation": "^0.39.0",
        "@material/base": "^0.39.0",
        "@material/theme": "^0.40.0"
      }
    },
    "@material/notched-outline": {
      "version": "0.40.0",
      "resolved": "https://registry.npmjs.org/@material/notched-outline/-/notched-outline-0.40.0.tgz",
      "integrity": "sha512-a+18JRtvDWjr353fo5ovoAQTIxkUsCBEzGDY2GR5/TIQOXMajEfGbfrP3UnO4QZpdKX2dwDq5t8ESCNJSje/aA==",
      "requires": {
        "@material/animation": "^0.39.0",
        "@material/base": "^0.39.0",
        "@material/rtl": "^0.39.1",
        "@material/shape": "^0.40.0",
        "@material/theme": "^0.40.0"
      }
    },
    "@material/react-button": {
      "version": "0.5.0",
      "resolved": "https://registry.npmjs.org/@material/react-button/-/react-button-0.5.0.tgz",
      "integrity": "sha512-+VOMVGwBCMsyGY3xv+RyOpYTcrTqQyar8WyHMlo75kDBRPYT/rT8wemNljDZBs2J+nM1bSeqNFYaiiR19tjz/Q==",
      "requires": {
        "@material/button": "^0.39.0",
        "@material/react-ripple": "^0.5.0",
        "classnames": "^2.2.5",
        "prop-types": "^15.6.1",
        "react": "^16.4.2"
      }
    },
    "@material/react-notched-outline": {
      "version": "0.5.0",
      "resolved": "https://registry.npmjs.org/@material/react-notched-outline/-/react-notched-outline-0.5.0.tgz",
      "integrity": "sha512-dkvbESPLqQWrYUpy5NjMeovf4Jf6L90UR7eWFftOkDETYbGVICgJrGShltJf8G4RqAzMCmaS5J+icPADNfJ/nQ==",
      "requires": {
        "@material/notched-outline": "^0.39.0",
        "classnames": "^2.2.5",
        "prop-types": "^15.6.1",
        "react": "^16.4.2"
      },
      "dependencies": {
        "@material/notched-outline": {
          "version": "0.39.1",
          "resolved": "https://registry.npmjs.org/@material/notched-outline/-/notched-outline-0.39.1.tgz",
          "integrity": "sha512-EONvwh31IMeTChz6eqg/rMndfWaRTd/tqjR0dXSaimu4NBDBnPnUq6A4vVhBuAFFIjHU48Jw6HplnfqqDRMN1g==",
          "requires": {
            "@material/animation": "^0.39.0",
            "@material/base": "^0.39.0",
            "@material/rtl": "^0.39.1",
            "@material/theme": "^0.39.1"
          }
        },
        "@material/theme": {
          "version": "0.39.1",
          "resolved": "https://registry.npmjs.org/@material/theme/-/theme-0.39.1.tgz",
          "integrity": "sha512-c7xjzzHdF4kBl66VJfATBAV9cwD/6TOyVPOWiK5rPxmu9g7uEAe1HmupqJRR1pMFCPX2w85gfvIsxh79EU6YJA=="
        }
      }
    },
    "@material/react-ripple": {
      "version": "0.5.0",
      "resolved": "https://registry.npmjs.org/@material/react-ripple/-/react-ripple-0.5.0.tgz",
      "integrity": "sha512-Dlhzf4NuzT8vfE/yCEIWTAkHzv5DPFVD8kLpYqbs8LFWJ22oM5dj/PUn0r4Uqu4Nje2Xo5h8gDqVaU6EInKY/Q==",
      "requires": {
        "@material/ripple": "^0.39.0",
        "classnames": "^2.2.5",
        "prop-types": "^15.6.1",
        "react": "^16.4.2"
      },
      "dependencies": {
        "@material/ripple": {
          "version": "0.39.3",
          "resolved": "https://registry.npmjs.org/@material/ripple/-/ripple-0.39.3.tgz",
          "integrity": "sha512-MwQjgwK9h13MdKGJT3RTDf9NjCoAS3LmnFpz1fxXgExA1QnoUbB1o7cEaPmqAtZopKVDCf52w1l6Mpf9qEhnCQ==",
          "requires": {
            "@material/animation": "^0.39.0",
            "@material/base": "^0.39.0",
            "@material/theme": "^0.39.1"
          }
        },
        "@material/theme": {
          "version": "0.39.1",
          "resolved": "https://registry.npmjs.org/@material/theme/-/theme-0.39.1.tgz",
          "integrity": "sha512-c7xjzzHdF4kBl66VJfATBAV9cwD/6TOyVPOWiK5rPxmu9g7uEAe1HmupqJRR1pMFCPX2w85gfvIsxh79EU6YJA=="
        }
      }
    },
    "@material/ripple": {
      "version": "0.40.0",
      "resolved": "https://registry.npmjs.org/@material/ripple/-/ripple-0.40.0.tgz",
      "integrity": "sha512-eFLIJm7nk389EWysBtucRuGulGiwRlAREDN4J2wzUwdkz64btgpC5/RADyiEpuXkej8omfosodh3FXMsiEKInQ==",
      "requires": {
        "@material/animation": "^0.39.0",
        "@material/base": "^0.39.0",
        "@material/theme": "^0.40.0"
      }
    },
    "@material/rtl": {
      "version": "0.39.1",
      "resolved": "https://registry.npmjs.org/@material/rtl/-/rtl-0.39.1.tgz",
      "integrity": "sha512-6RcXv6tQladbl+SboEHUykiDAz7dE5DjBuLNV0KD7yEUCcUV41WXZ5e4oUd1nDWnK0vHzFtNM7D6BGMPZ2T3zA=="
    },
    "@material/shape": {
      "version": "0.40.0",
      "resolved": "https://registry.npmjs.org/@material/shape/-/shape-0.40.0.tgz",
      "integrity": "sha512-UsCnvCPln2//uI0YF/sqCtOWLgA5mzCl68+f/f283K4k21imGrHDAi093xDyy1LAUWyC1IVR+/RYVKXbHLtBlA=="
    },
    "@material/textfield": {
      "version": "0.40.0",
      "resolved": "https://registry.npmjs.org/@material/textfield/-/textfield-0.40.0.tgz",
      "integrity": "sha512-x8Rw4g2jAyCBoaVkXGxGmkfiTG/r5jkZgnNQYsBfLUlQWId+fHvB3eN3mbfUpKREwPOS8tWHa0LIZjFgdKYJHw==",
      "requires": {
        "@material/animation": "^0.39.0",
        "@material/base": "^0.39.0",
        "@material/floating-label": "^0.40.0",
        "@material/line-ripple": "^0.40.0",
        "@material/notched-outline": "^0.40.0",
        "@material/ripple": "^0.40.0",
        "@material/rtl": "^0.39.1",
        "@material/shape": "^0.40.0",
        "@material/theme": "^0.40.0",
        "@material/typography": "^0.39.0"
      }
    },
    "@material/theme": {
      "version": "0.40.0",
      "resolved": "https://registry.npmjs.org/@material/theme/-/theme-0.40.0.tgz",
      "integrity": "sha512-t4Xn15IaM7bAg8EWDkuzfx8xafMXjcMn+cnriPRtZOQ9X8R2gPSIuIQ36EwqFWpGTGMftXJkOEM/KmMLf3rKnQ=="
    },
    "@material/typography": {
      "version": "0.39.0",
      "resolved": "https://registry.npmjs.org/@material/typography/-/typography-0.39.0.tgz",
      "integrity": "sha512-S7YTR2mXuAaPvsgX6jyT1YvWQhH2xHWi+SKJvlunoF/Dw6vq6Ud+APmqigHVRPNCcFt4zkbM7C64IxYjjkIApQ=="
    },
    "classnames": {
      "version": "2.2.6",
      "resolved": "https://registry.npmjs.org/classnames/-/classnames-2.2.6.tgz",
      "integrity": "sha512-JR/iSQOSt+LQIWwrwEzJ9uk0xfN3mTVYMwt1Ir5mUcSN6pU+V4zQFFaJsclJbPuAUQH+yfWef6tm7l1quW3C8Q=="
    },
    "js-tokens": {
      "version": "4.0.0",
      "resolved": "https://registry.npmjs.org/js-tokens/-/js-tokens-4.0.0.tgz",
      "integrity": "sha512-RdJUflcE3cUzKiMqQgsCu06FPu9UdIJO0beYbPhHN4k6apgJtifcoCtT9bcxOpYBtpD2kCM6Sbzg4CausW/PKQ=="
    },
    "loose-envify": {
      "version": "1.4.0",
      "resolved": "https://registry.npmjs.org/loose-envify/-/loose-envify-1.4.0.tgz",
      "integrity": "sha512-lyuxPGr/Wfhrlem2CL/UcnUc1zcqKAImBDzukY7Y5F/yQiNdko6+fRLevlw1HgMySw7f611UIY408EtxRSoK3Q==",
      "requires": {
        "js-tokens": "^3.0.0 || ^4.0.0"
      }
    },
    "object-assign": {
      "version": "4.1.1",
      "resolved": "https://registry.npmjs.org/object-assign/-/object-assign-4.1.1.tgz",
      "integrity": "sha1-IQmtx5ZYh8/AXLvUQsrIv7s2CGM="
    },
    "prop-types": {
      "version": "15.6.2",
      "resolved": "https://registry.npmjs.org/prop-types/-/prop-types-15.6.2.tgz",
      "integrity": "sha512-3pboPvLiWD7dkI3qf3KbUe6hKFKa52w+AE0VCqECtf+QHAKgOL37tTaNCnuX1nAAQ4ZhyP+kYVKf8rLmJ/feDQ==",
      "requires": {
        "loose-envify": "^1.3.1",
        "object-assign": "^4.1.1"
      }
    },
    "react": {
      "version": "16.5.2",
      "resolved": "https://registry.npmjs.org/react/-/react-16.5.2.tgz",
      "integrity": "sha512-FDCSVd3DjVTmbEAjUNX6FgfAmQ+ypJfHUsqUJOYNCBUp1h8lqmtC+0mXJ+JjsWx4KAVTkk1vKd1hLQPvEviSuw==",
      "requires": {
        "loose-envify": "^1.1.0",
        "object-assign": "^4.1.1",
        "prop-types": "^15.6.2",
        "schedule": "^0.5.0"
      }
    },
    "schedule": {
      "version": "0.5.0",
      "resolved": "https://registry.npmjs.org/schedule/-/schedule-0.5.0.tgz",
      "integrity": "sha512-HUcJicG5Ou8xfR//c2rPT0lPIRR09vVvN81T9fqfVgBmhERUbDEQoYKjpBxbueJnCPpSu2ujXzOnRQt6x9o/jw==",
      "requires": {
        "object-assign": "^4.1.1"
      }
    }
  }
}
